{
  "name": "call-recorder-extension",
  "lockfileVersion": 3,
  "requires": true,
  "packages": {
    "": {
      "dependencies": {
        "@ffmpeg/ffmpeg": "^0.12.10",
        "@ffmpeg/util": "^0.12.1",
        "lamejs": "^1.2.1"
      }
    },
    "node_modules/@ffmpeg/ffmpeg": {
      "version": "0.12.10",
      "resolved": "https://registry.npmjs.org/@ffmpeg/ffmpeg/-/ffmpeg-0.12.10.tgz",
      "integrity": "sha512-lVtk8PW8e+NUzGZhPTWj2P1J4/NyuCrbDD3O9IGpSeLYtUZKBqZO8CNj1WYGghep/MXoM8e1qVY1GztTkf8YYQ==",
      "license": "MIT",
      "dependencies": {
        "@ffmpeg/types": "^0.12.2"
      },
      "engines": {
        "node": ">=18.x"
      }
    },
    "node_modules/@ffmpeg/types": {
      "version": "0.12.4",
      "resolved": "https://registry.npmjs.org/@ffmpeg/types/-/types-0.12.4.tgz",
      "integrity": "sha512-k9vJQNBGTxE5AhYDtOYR5rO5fKsspbg51gbcwtbkw2lCdoIILzklulcjJfIDwrtn7XhDeF2M+THwJ2FGrLeV6A==",
      "license": "MIT",
      "engines": {
        "node": ">=16.x"
      }
    },
    "node_modules/@ffmpeg/util": {
      "version": "0.12.1",
      "resolved": "https://registry.npmjs.org/@ffmpeg/util/-/util-0.12.1.tgz",
      "integrity": "sha512-10jjfAKWaDyb8+nAkijcsi9wgz/y26LOc1NKJradNMyCIl6usQcBbhkjX5qhALrSBcOy6TOeksunTYa+a03qNQ==",
      "license": "MIT",
      "engines": {
        "node": ">=18.x"
      }
    },
    "node_modules/lamejs": {
      "version": "1.2.1",
      "resolved": "https://registry.npmjs.org/lamejs/-/lamejs-1.2.1.tgz",
      "integrity": "sha512-s7bxvjvYthw6oPLCm5pFxvA84wUROODB8jEO2+CE1adhKgrIvVOlmMgY8zyugxGrvRaDHNJanOiS21/emty6dQ==",
      "license": "LGPL-3.0",
      "dependencies": {
        "use-strict": "1.0.1"
      }
    },
    "node_modules/use-strict": {
      "version": "1.0.1",
      "resolved": "https://registry.npmjs.org/use-strict/-/use-strict-1.0.1.tgz",
      "integrity": "sha512-IeiWvvEXfW5ltKVMkxq6FvNf2LojMKvB2OCeja6+ct24S1XOmQw2dGr2JyndwACWAGJva9B7yPHwAmeA9QCqAQ==",
      "license": "ISC"
    }
  }
}
